
Microsoft Visual Studio Solution File, Format Version 12.00
# Visual Studio Version 17
VisualStudioVersion = 17.1.32210.238
MinimumVisualStudioVersion = 10.0.40219.1
Project("{FAE04EC0-301F-11D3-BF4B-00C04F79EFBC}") = "MetaNet", "MetaNet.csproj", "{2283BD7E-D801-4D1E-81BE-617EF77739DF}"
EndProject
Global
	GlobalSection(SolutionConfigurationPlatforms) = preSolution
		Debug|Any CPU = Debug|Any CPU
		Release|Any CPU = Release|Any CPU
	EndGlobalSection
	GlobalSection(ProjectConfigurationPlatforms) = postSolution
		{2283BD7E-D801-4D1E-81BE-617EF77739DF}.Debug|Any CPU.ActiveCfg = Debug|Any CPU
		{2283BD7E-D801-4D1E-81BE-617EF77739DF}.Debug|Any CPU.Build.0 = Debug|Any CPU
		{2283BD7E-D801-4D1E-81BE-617EF77739DF}.Release|Any CPU.ActiveCfg = Release|Any CPU
		{2283BD7E-D801-4D1E-81BE-617EF77739DF}.Release|Any CPU.Build.0 = Release|Any CPU
	EndGlobalSection
	GlobalSection(SolutionProperties) = preSolution
		HideSolutionNode = FALSE
	EndGlobalSection
	GlobalSection(ExtensibilityGlobals) = postSolution
		SolutionGuid = {5CC03DC5-7D53-45FC-8ACF-2571A15BEA52}
	EndGlobalSection
EndGlobal
